
Microsoft Visual Studio Solution File, Format Version 12.00
# Visual Studio Version 17
VisualStudioVersion = 17.12.35707.178 d17.12
MinimumVisualStudioVersion = 10.0.40219.1
Project("{FAE04EC0-301F-11D3-BF4B-00C04F79EFBC}") = "Recruiters.API", "Recruiters.API\Recruiters.API.csproj", "{3BA14A1A-CC43-424F-8B3D-223D94E47C15}"
EndProject
Project("{FAE04EC0-301F-11D3-BF4B-00C04F79EFBC}") = "Recruiters.Domain", "Recruiters.Domain\Recruiters.Domain.csproj", "{77442BA6-F3F2-4057-8D8A-78C20CBBAB38}"
EndProject
Project("{FAE04EC0-301F-11D3-BF4B-00C04F79EFBC}") = "Recruiters.Data", "Recruiters.Data\Recruiters.Data.csproj", "{BBF7B7C6-4553-4FD7-B339-1492D5E1BB03}"
EndProject
Global
	GlobalSection(SolutionConfigurationPlatforms) = preSolution
		Debug|Any CPU = Debug|Any CPU
		Release|Any CPU = Release|Any CPU
	EndGlobalSection
	GlobalSection(ProjectConfigurationPlatforms) = postSolution
		{3BA14A1A-CC43-424F-8B3D-223D94E47C15}.Debug|Any CPU.ActiveCfg = Debug|Any CPU
		{3BA14A1A-CC43-424F-8B3D-223D94E47C15}.Debug|Any CPU.Build.0 = Debug|Any CPU
		{3BA14A1A-CC43-424F-8B3D-223D94E47C15}.Release|Any CPU.ActiveCfg = Release|Any CPU
		{3BA14A1A-CC43-424F-8B3D-223D94E47C15}.Release|Any CPU.Build.0 = Release|Any CPU
		{77442BA6-F3F2-4057-8D8A-78C20CBBAB38}.Debug|Any CPU.ActiveCfg = Debug|Any CPU
		{77442BA6-F3F2-4057-8D8A-78C20CBBAB38}.Debug|Any CPU.Build.0 = Debug|Any CPU
		{77442BA6-F3F2-4057-8D8A-78C20CBBAB38}.Release|Any CPU.ActiveCfg = Release|Any CPU
		{77442BA6-F3F2-4057-8D8A-78C20CBBAB38}.Release|Any CPU.Build.0 = Release|Any CPU
		{BBF7B7C6-4553-4FD7-B339-1492D5E1BB03}.Debug|Any CPU.ActiveCfg = Debug|Any CPU
		{BBF7B7C6-4553-4FD7-B339-1492D5E1BB03}.Debug|Any CPU.Build.0 = Debug|Any CPU
		{BBF7B7C6-4553-4FD7-B339-1492D5E1BB03}.Release|Any CPU.ActiveCfg = Release|Any CPU
		{BBF7B7C6-4553-4FD7-B339-1492D5E1BB03}.Release|Any CPU.Build.0 = Release|Any CPU
	EndGlobalSection
	GlobalSection(SolutionProperties) = preSolution
		HideSolutionNode = FALSE
	EndGlobalSection
EndGlobal
